// !$*UTF8*$!
{
	archiveVersion = 1;
	classes = {
	};
	objectVersion = 50;
	objects = {

/* Begin PBXBuildFile section */
		FB52D63423AE4038002E79BF /* AppDelegate.swift in Sources */ = {isa = PBXBuildFile; fileRef = FB52D63323AE4038002E79BF /* AppDelegate.swift */; };
		FB52D63623AE4038002E79BF /* SceneDelegate.swift in Sources */ = {isa = PBXBuildFile; fileRef = FB52D63523AE4038002E79BF /* SceneDelegate.swift */; };
		FB52D63823AE4038002E79BF /* ViewController.swift in Sources */ = {isa = PBXBuildFile; fileRef = FB52D63723AE4038002E79BF /* ViewController.swift */; };
		FB52D63B23AE4038002E79BF /* Main.storyboard in Resources */ = {isa = PBXBuildFile; fileRef = FB52D63923AE4038002E79BF /* Main.storyboard */; };
		FB52D63D23AE403B002E79BF /* Assets.xcassets in Resources */ = {isa = PBXBuildFile; fileRef = FB52D63C23AE403B002E79BF /* Assets.xcassets */; };
		FB52D64023AE403B002E79BF /* LaunchScreen.storyboard in Resources */ = {isa = PBXBuildFile; fileRef = FB52D63E23AE403B002E79BF /* LaunchScreen.storyboard */; };
/* End PBXBuildFile section */

/* Begin PBXFileReference section */
		FB52D63023AE4038002E79BF /* WikiPresent.app */ = {isa = PBXFileReference; explicitFileType = wrapper.application; includeInIndex = 0; path = WikiPresent.app; sourceTree = BUILT_PRODUCTS_DIR; };
		FB52D63323AE4038002E79BF /* AppDelegate.swift */ = {isa = PBXFileReference; lastKnownFileType = sourcecode.swift; path = AppDelegate.swift; sourceTree = "<group>"; };
		FB52D63523AE4038002E79BF /* SceneDelegate.swift */ = {isa = PBXFileReference; lastKnownFileType = sourcecode.swift; path = SceneDelegate.swift; sourceTree = "<group>"; };
		FB52D63723AE4038002E79BF /* ViewController.swift */ = {isa = PBXFileReference; lastKnownFileType = sourcecode.swift; path = ViewController.swift; sourceTree = "<group>"; };
		FB52D63A23AE4038002E79BF /* Base */ = {isa = PBXFileReference; lastKnownFileType = file.storyboard; name = Base; path = Base.lproj/Main.storyboard; sourceTree = "<group>"; };
		FB52D63C23AE403B002E79BF /* Assets.xcassets */ = {isa = PBXFileReference; lastKnownFileType = folder.assetcatalog; path = Assets.xcassets; sourceTree = "<group>"; };
		FB52D63F23AE403B002E79BF /* Base */ = {isa = PBXFileReference; lastKnownFileType = file.storyboard; name = Base; path = Base.lproj/LaunchScreen.storyboard; sourceTree = "<group>"; };
		FB52D64123AE403B002E79BF /* Info.plist */ = {isa = PBXFileReference; lastKnownFileType = text.plist.xml; path = Info.plist; sourceTree = "<group>"; };
/* End PBXFileReference section */

/* Begin PBXFrameworksBuildPhase section */
		FB52D62D23AE4038002E79BF /* Frameworks */ = {
			isa = PBXFrameworksBuildPhase;
			buildActionMask = 2147483647;
			files = (
			);
			runOnlyForDeploymentPostprocessing = 0;
		};
/* End PBXFrameworksBuildPhase section */

/* Begin PBXGroup section */
		FB52D62723AE4038002E79BF = {
			isa = PBXGroup;
			children = (
				FB52D63223AE4038002E79BF /* WikiPresent */,
				FB52D63123AE4038002E79BF /* Products */,
			);
			sourceTree = "<group>";
		};
		FB52D63123AE4038002E79BF /* Products */ = {
			isa = PBXGroup;
			children = (
				FB52D63023AE4038002E79BF /* WikiPresent.app */,
			);
			name = Products;
			sourceTree = "<group>";
		};
		FB52D63223AE4038002E79BF /* WikiPresent */ = {
			isa = PBXGroup;
			children = (
				FB52D63323AE4038002E79BF /* AppDelegate.swift */,
				FB52D63523AE4038002E79BF /* SceneDelegate.swift */,
				FB52D63723AE4038002E79BF /* ViewController.swift */,
				FB52D63923AE4038002E79BF /* Main.storyboard */,
				FB52D63C23AE403B002E79BF /* Assets.xcassets */,
				FB52D63E23AE403B002E79BF /* LaunchScreen.storyboard */,
				FB52D64123AE403B002E79BF /* Info.plist */,
			);
			path = WikiPresent;
			sourceTree = "<group>";
		};
/* End PBXGroup section */

/* Begin PBXNativeTarget section */
		FB52D62F23AE4038002E79BF /* WikiPresent */ = {
			isa = PBXNativeTarget;
			buildConfigurationList = FB52D64423AE403B002E79BF /* Build configuration list for PBXNativeTarget "WikiPresent" */;
			buildPhases = (
				FB52D62C23AE4038002E79BF /* Sources */,
				FB52D62D23AE4038002E79BF /* Frameworks */,
				FB52D62E23AE4038002E79BF /* Resources */,
			);
			buildRules = (
			);
			dependencies = (
			);
			name = WikiPresent;
			productName = WikiPresent;
			productReference = FB52D63023AE4038002E79BF /* WikiPresent.app */;
			productType = "com.apple.product-type.application";
		};
/* End PBXNativeTarget section */

/* Begin PBXProject section */
		FB52D62823AE4038002E79BF /* Project object */ = {
			isa = PBXProject;
			attributes = {
				LastSwiftUpdateCheck = 1130;
				LastUpgradeCheck = 1130;
				ORGANIZATIONNAME = "Jean martin Kyssama";
				TargetAttributes = {
					FB52D62F23AE4038002E79BF = {
						CreatedOnToolsVersion = 11.3;
					};
				};
			};
			buildConfigurationList = FB52D62B23AE4038002E79BF /* Build configuration list for PBXProject "WikiPresent" */;
			compatibilityVersion = "Xcode 9.3";
			developmentRegion = en;
			hasScannedForEncodings = 0;
			knownRegions = (
				en,
				Base,
			);
			mainGroup = FB52D62723AE4038002E79BF;
			productRefGroup = FB52D63123AE4038002E79BF /* Products */;
			projectDirPath = "";
			projectRoot = "";
			targets = (
				FB52D62F23AE4038002E79BF /* WikiPresent */,
			);
		};
/* End PBXProject section */

/* Begin PBXResourcesBuildPhase section */
		FB52D62E23AE4038002E79BF /* Resources */ = {
			isa = PBXResourcesBuildPhase;
			buildActionMask = 2147483647;
			files = (
				FB52D64023AE403B002E79BF /* LaunchScreen.storyboard in Resources */,
				FB52D63D23AE403B002E79BF /* Assets.xcassets in Resources */,
				FB52D63B23AE4038002E79BF /* Main.storyboard in Resources */,
			);
			runOnlyForDeploymentPostprocessing = 0;
		};
/* End PBXResourcesBuildPhase section */

/* Begin PBXSourcesBuildPhase section */
		FB52D62C23AE4038002E79BF /* Sources */ = {
			isa = PBXSourcesBuildPhase;
			buildActionMask = 2147483647;
			files = (
				FB52D63823AE4038002E79BF /* ViewController.swift in Sources */,
				FB52D63423AE4038002E79BF /* AppDelegate.swift in Sources */,
				FB52D63623AE4038002E79BF /* SceneDelegate.swift in Sources */,
			);
			runOnlyForDeploymentPostprocessing = 0;
		};
/* End PBXSourcesBuildPhase section */

/* Begin PBXVariantGroup section */
		FB52D63923AE4038002E79BF /* Main.storyboard */ = {
			isa = PBXVariantGroup;
			children = (
				FB52D63A23AE4038002E79BF /* Base */,
			);
			name = Main.storyboard;
			sourceTree = "<group>";
		};
		FB52D63E23AE403B002E79BF /* LaunchScreen.storyboard */ = {
			isa = PBXVariantGroup;
			children = (
				FB52D63F23AE403B002E79BF /* Base */,
			);
			name = LaunchScreen.storyboard;
			sourceTree = "<group>";
		};
/* End PBXVariantGroup section */

/* Begin XCBuildConfiguration section */
		FB52D64223AE403B002E79BF /* Debug */ = {
			isa = XCBuildConfiguration;
			buildSettings = {
				ALWAYS_SEARCH_USER_PATHS = NO;
				CLANG_ANALYZER_NONNULL = YES;
				CLANG_ANALYZER_NUMBER_OBJECT_CONVERSION = YES_AGGRESSIVE;
				CLANG_CXX_LANGUAGE_STANDARD = "gnu++14";
				CLANG_CXX_LIBRARY = "libc++";
				CLANG_ENABLE_MODULES = YES;
				CLANG_ENABLE_OBJC_ARC = YES;
				CLANG_ENABLE_OBJC_WEAK = YES;
				CLANG_WARN_BLOCK_CAPTURE_AUTORELEASING = YES;
				CLANG_WARN_BOOL_CONVERSION = YES;
				CLANG_WARN_COMMA = YES;
				CLANG_WARN_CONSTANT_CONVERSION = YES;
				CLANG_WARN_DEPRECATED_OBJC_IMPLEMENTATIONS = YES;
				CLANG_WARN_DIRECT_OBJC_ISA_USAGE = YES_ERROR;
				CLANG_WARN_DOCUMENTATION_COMMENTS = YES;
				CLANG_WARN_EMPTY_BODY = YES;
				CLANG_WARN_ENUM_CONVERSION = YES;
				CLANG_WARN_INFINITE_RECURSION = YES;
				CLANG_WARN_INT_CONVERSION = YES;
				CLANG_WARN_NON_LITERAL_NULL_CONVERSION = YES;
				CLANG_WARN_OBJC_IMPLICIT_RETAIN_SELF = YES;
				CLANG_WARN_OBJC_LITERAL_CONVERSION = YES;
				CLANG_WARN_OBJC_ROOT_CLASS = YES_ERROR;
				CLANG_WARN_RANGE_LOOP_ANALYSIS = YES;
				CLANG_WARN_STRICT_PROTOTYPES = YES;
				CLANG_WARN_SUSPICIOUS_MOVE = YES;
				CLANG_WARN_UNGUARDED_AVAILABILITY = YES_AGGRESSIVE;
				CLANG_WARN_UNREACHABLE_CODE = YES;
				CLANG_WARN__DUPLICATE_METHOD_MATCH = YES;
				COPY_PHASE_STRIP = NO;
				DEBUG_INFORMATION_FORMAT = dwarf;
				ENABLE_STRICT_OBJC_MSGSEND = YES;
				ENABLE_TESTABILITY = YES;
				GCC_C_LANGUAGE_STANDARD = gnu11;
				GCC_DYNAMIC_NO_PIC = NO;
				GCC_NO_COMMON_BLOCKS = YES;
				GCC_OPTIMIZATION_LEVEL = 0;
				GCC_PREPROCESSOR_DEFINITIONS = (
					"DEBUG=1",
					"$(inherited)",
				);
				GCC_WARN_64_TO_32_BIT_CONVERSION = YES;
				GCC_WARN_ABOUT_RETURN_TYPE = YES_ERROR;
				GCC_WARN_UNDECLARED_SELECTOR = YES;
				GCC_WARN_UNINITIALIZED_AUTOS = YES_AGGRESSIVE;
				GCC_WARN_UNUSED_FUNCTION = YES;
				GCC_WARN_UNUSED_VARIABLE = YES;
				IPHONEOS_DEPLOYMENT_TARGET = 13.2;
				MTL_ENABLE_DEBUG_INFO = INCLUDE_SOURCE;
				MTL_FAST_MATH = YES;
				ONLY_ACTIVE_ARCH = YES;
				SDKROOT = iphoneos;
				SWIFT_ACTIVE_COMPILATION_CONDITIONS = DEBUG;
				SWIFT_OPTIMIZATION_LEVEL = "-Onone";
			};
			name = Debug;
		};
		FB52D64323AE403B002E79BF /* Release */ = {
			isa = XCBuildConfiguration;
			buildSettings = {
				ALWAYS_SEARCH_USER_PATHS = NO;
				CLANG_ANALYZER_NONNULL = YES;
				CLANG_ANALYZER_NUMBER_OBJECT_CONVERSION = YES_AGGRESSIVE;
				CLANG_CXX_LANGUAGE_STANDARD = "gnu++14";
				CLANG_CXX_LIBRARY = "libc++";
				CLANG_ENABLE_MODULES = YES;
				CLANG_ENABLE_OBJC_ARC = YES;
				CLANG_ENABLE_OBJC_WEAK = YES;
				CLANG_WARN_BLOCK_CAPTURE_AUTORELEASING = YES;
				CLANG_WARN_BOOL_CONVERSION = YES;
				CLANG_WARN_COMMA = YES;
				CLANG_WARN_CONSTANT_CONVERSION = YES;
				CLANG_WARN_DEPRECATED_OBJC_IMPLEMENTATIONS = YES;
				CLANG_WARN_DIRECT_OBJC_ISA_USAGE = YES_ERROR;
				CLANG_WARN_DOCUMENTATION_COMMENTS = YES;
				CLANG_WARN_EMPTY_BODY = YES;
				CLANG_WARN_ENUM_CONVERSION = YES;
				CLANG_WARN_INFINITE_RECURSION = YES;
				CLANG_WARN_INT_CONVERSION = YES;
				CLANG_WARN_NON_LITERAL_NULL_CONVERSION = YES;
				CLANG_WARN_OBJC_IMPLICIT_RETAIN_SELF = YES;
				CLANG_WARN_OBJC_LITERAL_CONVERSION = YES;
				CLANG_WARN_OBJC_ROOT_CLASS = YES_ERROR;
				CLANG_WARN_RANGE_LOOP_ANALYSIS = YES;
				CLANG_WARN_STRICT_PROTOTYPES = YES;
				CLANG_WARN_SUSPICIOUS_MOVE = YES;
				CLANG_WARN_UNGUARDED_AVAILABILITY = YES_AGGRESSIVE;
				CLANG_WARN_UNREACHABLE_CODE = YES;
				CLANG_WARN__DUPLICATE_METHOD_MATCH = YES;
				COPY_PHASE_STRIP = NO;
				DEBUG_INFORMATION_FORMAT = "dwarf-with-dsym";
				ENABLE_NS_ASSERTIONS = NO;
				ENABLE_STRICT_OBJC_MSGSEND = YES;
				GCC_C_LANGUAGE_STANDARD = gnu11;
				GCC_NO_COMMON_BLOCKS = YES;
				GCC_WARN_64_TO_32_BIT_CONVERSION = YES;
				GCC_WARN_ABOUT_RETURN_TYPE = YES_ERROR;
				GCC_WARN_UNDECLARED_SELECTOR = YES;
				GCC_WARN_UNINITIALIZED_AUTOS = YES_AGGRESSIVE;
				GCC_WARN_UNUSED_FUNCTION = YES;
				GCC_WARN_UNUSED_VARIABLE = YES;
				IPHONEOS_DEPLOYMENT_TARGET = 13.2;
				MTL_ENABLE_DEBUG_INFO = NO;
				MTL_FAST_MATH = YES;
				SDKROOT = iphoneos;
				SWIFT_COMPILATION_MODE = wholemodule;
				SWIFT_OPTIMIZATION_LEVEL = "-O";
				VALIDATE_PRODUCT = YES;
			};
			name = Release;
		};
		FB52D64523AE403B002E79BF /* Debug */ = {
			isa = XCBuildConfiguration;
			buildSettings = {
				ASSETCATALOG_COMPILER_APPICON_NAME = AppIcon;
				CODE_SIGN_STYLE = Automatic;
				DEVELOPMENT_TEAM = FPK6CV5272;
				INFOPLIST_FILE = WikiPresent/Info.plist;
				LD_RUNPATH_SEARCH_PATHS = (
					"$(inherited)",
					"@executable_path/Frameworks",
				);
				PRODUCT_BUNDLE_IDENTIFIER = com.kyssamajeanmartin.WikiPresent;
				PRODUCT_NAME = "$(TARGET_NAME)";
				SWIFT_VERSION = 5.0;
				TARGETED_DEVICE_FAMILY = "1,2";
			};
			name = Debug;
		};
		FB52D64623AE403B002E79BF /* Release */ = {
			isa = XCBuildConfiguration;
			buildSettings = {
				ASSETCATALOG_COMPILER_APPICON_NAME = AppIcon;
				CODE_SIGN_STYLE = Automatic;
				DEVELOPMENT_TEAM = FPK6CV5272;
				INFOPLIST_FILE = WikiPresent/Info.plist;
				LD_RUNPATH_SEARCH_PATHS = (
					"$(inherited)",
					"@executable_path/Frameworks",
				);
				PRODUCT_BUNDLE_IDENTIFIER = com.kyssamajeanmartin.WikiPresent;
				PRODUCT_NAME = "$(TARGET_NAME)";
				SWIFT_VERSION = 5.0;
				TARGETED_DEVICE_FAMILY = "1,2";
			};
			name = Release;
		};
/* End XCBuildConfiguration section */

/* Begin XCConfigurationList section */
		FB52D62B23AE4038002E79BF /* Build configuration list for PBXProject "WikiPresent" */ = {
			isa = XCConfigurationList;
			buildConfigurations = (
				FB52D64223AE403B002E79BF /* Debug */,
				FB52D64323AE403B002E79BF /* Release */,
			);
			defaultConfigurationIsVisible = 0;
			defaultConfigurationName = Release;
		};
		FB52D64423AE403B002E79BF /* Build configuration list for PBXNativeTarget "WikiPresent" */ = {
			isa = XCConfigurationList;
			buildConfigurations = (
				FB52D64523AE403B002E79BF /* Debug */,
				FB52D64623AE403B002E79BF /* Release */,
			);
			defaultConfigurationIsVisible = 0;
			defaultConfigurationName = Release;
		};
/* End XCConfigurationList section */
	};
	rootObject = FB52D62823AE4038002E79BF /* Project object */;
}
